
Microsoft Visual Studio Solution File, Format Version 12.00
# Visual Studio 15
VisualStudioVersion = 15.0.28307.136
MinimumVisualStudioVersion = 10.0.40219.1
Project("{FAE04EC0-301F-11D3-BF4B-00C04F79EFBC}") = "ContosoUniversity", "ContosoUniversity\ContosoUniversity.csproj", "{F054FF5C-248C-4B91-88BB-8C7717C7258D}"
EndProject
Global
	GlobalSection(SolutionConfigurationPlatforms) = preSolution
		Debug|Any CPU = Debug|Any CPU
		Release|Any CPU = Release|Any CPU
	EndGlobalSection
	GlobalSection(ProjectConfigurationPlatforms) = postSolution
		{F054FF5C-248C-4B91-88BB-8C7717C7258D}.Debug|Any CPU.ActiveCfg = Debug|Any CPU
		{F054FF5C-248C-4B91-88BB-8C7717C7258D}.Debug|Any CPU.Build.0 = Debug|Any CPU
		{F054FF5C-248C-4B91-88BB-8C7717C7258D}.Release|Any CPU.ActiveCfg = Release|Any CPU
		{F054FF5C-248C-4B91-88BB-8C7717C7258D}.Release|Any CPU.Build.0 = Release|Any CPU
	EndGlobalSection
	GlobalSection(SolutionProperties) = preSolution
		HideSolutionNode = FALSE
	EndGlobalSection
	GlobalSection(ExtensibilityGlobals) = postSolution
		SolutionGuid = {8773E325-AE12-44F6-8C48-EB6FB0193305}
	EndGlobalSection
EndGlobal
